
Microsoft Visual Studio Solution File, Format Version 12.00
# Visual Studio Version 17
VisualStudioVersion = 17.0.31903.59
MinimumVisualStudioVersion = 10.0.40219.1
Project("{2150E333-8FDC-42A3-9474-1A3956D46DE8}") = "src", "src", "{3611E92F-581D-4015-819F-07D2CF74C604}"
EndProject
Project("{FAE04EC0-301F-11D3-BF4B-00C04F79EFBC}") = "MacroForge.Core", "src\MacroForge.Core\MacroForge.Core.csproj", "{1CC49FE6-0F52-4226-98AF-C483FA92CFA8}"
EndProject
Project("{FAE04EC0-301F-11D3-BF4B-00C04F79EFBC}") = "MacroForge.App", "src\MacroForge.App\MacroForge.App.csproj", "{D624A5A9-78E7-4E47-ADDE-CEF44C9356B9}"
EndProject
Project("{2150E333-8FDC-42A3-9474-1A3956D46DE8}") = "tests", "tests", "{783BB46F-A4AB-460D-9EC5-7D8495E1D281}"
EndProject
Project("{FAE04EC0-301F-11D3-BF4B-00C04F79EFBC}") = "MacroForge.Tests", "tests\MacroForge.Tests\MacroForge.Tests.csproj", "{E2265F7B-5F31-4406-9A32-4CD822078207}"
EndProject
Project("{2150E333-8FDC-42A3-9474-1A3956D46DE8}") = "tools", "tools", "{A11A11A1-1111-4111-8111-A11A11A11A11}"
EndProject
Project("{FAE04EC0-301F-11D3-BF4B-00C04F79EFBC}") = "MacroForge.Setup", "tools\MacroForge.Setup\MacroForge.Setup.csproj", "{B22B22B2-2222-4222-8222-B22B22B22B22}"
EndProject
Global
	GlobalSection(SolutionConfigurationPlatforms) = preSolution
		Debug|Any CPU = Debug|Any CPU
		Release|Any CPU = Release|Any CPU
	EndGlobalSection
	GlobalSection(SolutionProperties) = preSolution
		HideSolutionNode = FALSE
	EndGlobalSection
	GlobalSection(ProjectConfigurationPlatforms) = postSolution
		{1CC49FE6-0F52-4226-98AF-C483FA92CFA8}.Debug|Any CPU.ActiveCfg = Debug|Any CPU
		{1CC49FE6-0F52-4226-98AF-C483FA92CFA8}.Debug|Any CPU.Build.0 = Debug|Any CPU
		{1CC49FE6-0F52-4226-98AF-C483FA92CFA8}.Release|Any CPU.ActiveCfg = Release|Any CPU
		{1CC49FE6-0F52-4226-98AF-C483FA92CFA8}.Release|Any CPU.Build.0 = Release|Any CPU
		{D624A5A9-78E7-4E47-ADDE-CEF44C9356B9}.Debug|Any CPU.ActiveCfg = Debug|Any CPU
		{D624A5A9-78E7-4E47-ADDE-CEF44C9356B9}.Debug|Any CPU.Build.0 = Debug|Any CPU
		{D624A5A9-78E7-4E47-ADDE-CEF44C9356B9}.Release|Any CPU.ActiveCfg = Release|Any CPU
		{D624A5A9-78E7-4E47-ADDE-CEF44C9356B9}.Release|Any CPU.Build.0 = Release|Any CPU
		{E2265F7B-5F31-4406-9A32-4CD822078207}.Debug|Any CPU.ActiveCfg = Debug|Any CPU
		{E2265F7B-5F31-4406-9A32-4CD822078207}.Debug|Any CPU.Build.0 = Debug|Any CPU
		{E2265F7B-5F31-4406-9A32-4CD822078207}.Release|Any CPU.ActiveCfg = Release|Any CPU
		{E2265F7B-5F31-4406-9A32-4CD822078207}.Release|Any CPU.Build.0 = Release|Any CPU
		{B22B22B2-2222-4222-8222-B22B22B22B22}.Debug|Any CPU.ActiveCfg = Debug|Any CPU
		{B22B22B2-2222-4222-8222-B22B22B22B22}.Debug|Any CPU.Build.0 = Debug|Any CPU
		{B22B22B2-2222-4222-8222-B22B22B22B22}.Release|Any CPU.ActiveCfg = Release|Any CPU
		{B22B22B2-2222-4222-8222-B22B22B22B22}.Release|Any CPU.Build.0 = Release|Any CPU
	EndGlobalSection
	GlobalSection(NestedProjects) = preSolution
		{1CC49FE6-0F52-4226-98AF-C483FA92CFA8} = {3611E92F-581D-4015-819F-07D2CF74C604}
		{D624A5A9-78E7-4E47-ADDE-CEF44C9356B9} = {3611E92F-581D-4015-819F-07D2CF74C604}
		{E2265F7B-5F31-4406-9A32-4CD822078207} = {783BB46F-A4AB-460D-9EC5-7D8495E1D281}
		{B22B22B2-2222-4222-8222-B22B22B22B22} = {A11A11A1-1111-4111-8111-A11A11A11A11}
	EndGlobalSection
EndGlobal
